
Microsoft Visual Studio Solution File, Format Version 12.00
# Visual Studio Version 17
VisualStudioVersion = 17.4.33205.214
MinimumVisualStudioVersion = 10.0.40219.1
Project("{FAE04EC0-301F-11D3-BF4B-00C04F79EFBC}") = "WinFormsApp1", "WinFormsApp1\WinFormsApp1.csproj", "{1458D099-88AD-4CAA-B2B9-94738BF703A7}"
EndProject
Global
	GlobalSection(SolutionConfigurationPlatforms) = preSolution
		Debug|Any CPU = Debug|Any CPU
		Release|Any CPU = Release|Any CPU
	EndGlobalSection
	GlobalSection(ProjectConfigurationPlatforms) = postSolution
		{1458D099-88AD-4CAA-B2B9-94738BF703A7}.Debug|Any CPU.ActiveCfg = Debug|Any CPU
		{1458D099-88AD-4CAA-B2B9-94738BF703A7}.Debug|Any CPU.Build.0 = Debug|Any CPU
		{1458D099-88AD-4CAA-B2B9-94738BF703A7}.Release|Any CPU.ActiveCfg = Release|Any CPU
		{1458D099-88AD-4CAA-B2B9-94738BF703A7}.Release|Any CPU.Build.0 = Release|Any CPU
	EndGlobalSection
	GlobalSection(SolutionProperties) = preSolution
		HideSolutionNode = FALSE
	EndGlobalSection
	GlobalSection(ExtensibilityGlobals) = postSolution
		SolutionGuid = {161F4BF3-12B6-4791-A63B-F7B4F40C3709}
	EndGlobalSection
EndGlobal
